
Microsoft Visual Studio Solution File, Format Version 11.00
# Visual Studio 2010
Project("{FAE04EC0-301F-11D3-BF4B-00C04F79EFBC}") = "KerbalJointReinforcement_Redist", "KerbalJointReinforcement_Redist\KerbalJointReinforcement_Redist.csproj", "{83C13B00-B58E-4002-A3C3-D97DA42E5A70}"
EndProject
Project("{FAE04EC0-301F-11D3-BF4B-00C04F79EFBC}") = "KerbalJointReinforcement 1.3.1", "KerbalJointReinforcement\KerbalJointReinforcement 1.3.1.csproj", "{961E5DEB-8F3D-46F3-BE1D-DA4C98613C9E}"
EndProject
Project("{FAE04EC0-301F-11D3-BF4B-00C04F79EFBC}") = "KerbalJointReinforcement 1.4.2", "KerbalJointReinforcement\KerbalJointReinforcement 1.4.2.csproj", "{F5068A62-7704-4078-BC17-C794658D2AF8}"
EndProject
Project("{FAE04EC0-301F-11D3-BF4B-00C04F79EFBC}") = "KerbalJointReinforcement 1.2.2", "KerbalJointReinforcement\KerbalJointReinforcement 1.2.2.csproj", "{C5785677-78BA-48C5-BBA7-B8100A630D05}"
EndProject
Global
	GlobalSection(TeamFoundationVersionControl) = preSolution
		SccNumberOfProjects = 5
		SccEnterpriseProvider = {4CA58AB2-18FA-4F8D-95D4-32DDF27D184C}
		SccTeamFoundationServer = http://vtcmp.privat.zehnder.local:8080/tfs/projekte
		SccLocalPath0 = .
		SccProjectUniqueName1 = KerbalJointReinforcement\\KerbalJointReinforcement\u00201.2.2.csproj
		SccProjectName1 = KerbalJointReinforcement
		SccLocalPath1 = KerbalJointReinforcement
		SccProjectUniqueName2 = KerbalJointReinforcement\\KerbalJointReinforcement\u00201.3.1.csproj
		SccProjectName2 = KerbalJointReinforcement
		SccLocalPath2 = KerbalJointReinforcement
		SccProjectUniqueName3 = KerbalJointReinforcement_Redist\\KerbalJointReinforcement_Redist.csproj
		SccProjectName3 = KerbalJointReinforcement_Redist
		SccLocalPath3 = KerbalJointReinforcement_Redist
		SccProjectUniqueName4 = KerbalJointReinforcement\\KerbalJointReinforcement\u00201.4.2.csproj
		SccProjectName4 = KerbalJointReinforcement
		SccLocalPath4 = KerbalJointReinforcement
	EndGlobalSection
	GlobalSection(SolutionConfigurationPlatforms) = preSolution
		Debug|Any CPU = Debug|Any CPU
		Release|Any CPU = Release|Any CPU
	EndGlobalSection
	GlobalSection(ProjectConfigurationPlatforms) = postSolution
		{83C13B00-B58E-4002-A3C3-D97DA42E5A70}.Debug|Any CPU.ActiveCfg = Debug|Any CPU
		{83C13B00-B58E-4002-A3C3-D97DA42E5A70}.Debug|Any CPU.Build.0 = Debug|Any CPU
		{83C13B00-B58E-4002-A3C3-D97DA42E5A70}.Release|Any CPU.ActiveCfg = Release|Any CPU
		{83C13B00-B58E-4002-A3C3-D97DA42E5A70}.Release|Any CPU.Build.0 = Release|Any CPU
		{961E5DEB-8F3D-46F3-BE1D-DA4C98613C9E}.Debug|Any CPU.ActiveCfg = Debug|Any CPU
		{961E5DEB-8F3D-46F3-BE1D-DA4C98613C9E}.Debug|Any CPU.Build.0 = Debug|Any CPU
		{961E5DEB-8F3D-46F3-BE1D-DA4C98613C9E}.Release|Any CPU.ActiveCfg = Release|Any CPU
		{961E5DEB-8F3D-46F3-BE1D-DA4C98613C9E}.Release|Any CPU.Build.0 = Release|Any CPU
		{F5068A62-7704-4078-BC17-C794658D2AF8}.Debug|Any CPU.ActiveCfg = Debug|Any CPU
		{F5068A62-7704-4078-BC17-C794658D2AF8}.Debug|Any CPU.Build.0 = Debug|Any CPU
		{F5068A62-7704-4078-BC17-C794658D2AF8}.Release|Any CPU.ActiveCfg = Release|Any CPU
		{F5068A62-7704-4078-BC17-C794658D2AF8}.Release|Any CPU.Build.0 = Release|Any CPU
		{C5785677-78BA-48C5-BBA7-B8100A630D05}.Debug|Any CPU.ActiveCfg = Debug|Any CPU
		{C5785677-78BA-48C5-BBA7-B8100A630D05}.Debug|Any CPU.Build.0 = Debug|Any CPU
		{C5785677-78BA-48C5-BBA7-B8100A630D05}.Release|Any CPU.ActiveCfg = Release|Any CPU
		{C5785677-78BA-48C5-BBA7-B8100A630D05}.Release|Any CPU.Build.0 = Release|Any CPU
	EndGlobalSection
	GlobalSection(SolutionProperties) = preSolution
		HideSolutionNode = FALSE
	EndGlobalSection
EndGlobal
